
Microsoft Visual Studio Solution File, Format Version 11.00
# Visual Studio 2010
Project("{FAE04EC0-301F-11D3-BF4B-00C04F79EFBC}") = "Assembly-CSharp", "Assembly-CSharp.csproj", "{99568BC3-680C-FE54-3B6E-B50296D82CFC}"
EndProject
Project("{FAE04EC0-301F-11D3-BF4B-00C04F79EFBC}") = "Assembly-CSharp-Editor-firstpass", "Assembly-CSharp-Editor-firstpass.csproj", "{9EAAFD10-BF45-7ED8-CA98-E67EA7E3238B}"
EndProject
Global
	GlobalSection(SolutionConfigurationPlatforms) = preSolution
		Debug|Any CPU = Debug|Any CPU
		Release|Any CPU = Release|Any CPU
	EndGlobalSection
	GlobalSection(ProjectConfigurationPlatforms) = postSolution
		{99568BC3-680C-FE54-3B6E-B50296D82CFC}.Debug|Any CPU.ActiveCfg = Debug|Any CPU
		{99568BC3-680C-FE54-3B6E-B50296D82CFC}.Debug|Any CPU.Build.0 = Debug|Any CPU
		{99568BC3-680C-FE54-3B6E-B50296D82CFC}.Release|Any CPU.ActiveCfg = Release|Any CPU
		{99568BC3-680C-FE54-3B6E-B50296D82CFC}.Release|Any CPU.Build.0 = Release|Any CPU
		{9EAAFD10-BF45-7ED8-CA98-E67EA7E3238B}.Debug|Any CPU.ActiveCfg = Debug|Any CPU
		{9EAAFD10-BF45-7ED8-CA98-E67EA7E3238B}.Debug|Any CPU.Build.0 = Debug|Any CPU
		{9EAAFD10-BF45-7ED8-CA98-E67EA7E3238B}.Release|Any CPU.ActiveCfg = Release|Any CPU
		{9EAAFD10-BF45-7ED8-CA98-E67EA7E3238B}.Release|Any CPU.Build.0 = Release|Any CPU
	EndGlobalSection
	GlobalSection(SolutionProperties) = preSolution
		HideSolutionNode = FALSE
	EndGlobalSection
EndGlobal
